
Microsoft Visual Studio Solution File, Format Version 12.00
# Visual Studio Version 16
VisualStudioVersion = 16.0.34114.132
MinimumVisualStudioVersion = 10.0.40219.1
Project("{FAE04EC0-301F-11D3-BF4B-00C04F79EFBC}") = "ShivamsBookStore", "ShivamsBookStore\ShivamsBookStore.csproj", "{E8A048B4-45D5-4106-B3DE-78DB1733703B}"
EndProject
Global
	GlobalSection(SolutionConfigurationPlatforms) = preSolution
		Debug|Any CPU = Debug|Any CPU
		Release|Any CPU = Release|Any CPU
	EndGlobalSection
	GlobalSection(ProjectConfigurationPlatforms) = postSolution
		{E8A048B4-45D5-4106-B3DE-78DB1733703B}.Debug|Any CPU.ActiveCfg = Debug|Any CPU
		{E8A048B4-45D5-4106-B3DE-78DB1733703B}.Debug|Any CPU.Build.0 = Debug|Any CPU
		{E8A048B4-45D5-4106-B3DE-78DB1733703B}.Release|Any CPU.ActiveCfg = Release|Any CPU
		{E8A048B4-45D5-4106-B3DE-78DB1733703B}.Release|Any CPU.Build.0 = Release|Any CPU
	EndGlobalSection
	GlobalSection(SolutionProperties) = preSolution
		HideSolutionNode = FALSE
	EndGlobalSection
	GlobalSection(ExtensibilityGlobals) = postSolution
		SolutionGuid = {B084EEF0-EB08-4E6F-9B6B-36E5ACB474DB}
	EndGlobalSection
EndGlobal
